
Microsoft Visual Studio Solution File, Format Version 12.00
# Visual Studio Version 16
VisualStudioVersion = 16.0.29025.244
MinimumVisualStudioVersion = 10.0.40219.1
Project("{00D1A9C2-B5F0-4AF3-8072-F6C62B433612}") = "DataBaseTreatment", "DataBaseStudent\DataBaseTreatment.sqlproj", "{73A25293-74BD-47E2-B587-540A3FE80B33}"
EndProject
Project("{FAE04EC0-301F-11D3-BF4B-00C04F79EFBC}") = "WebApplication", "WebApplication\WebApplication.csproj", "{6CD58F05-D505-4F96-A6DC-1AC496F9391F}"
EndProject
Global
	GlobalSection(SolutionConfigurationPlatforms) = preSolution
		Debug|Any CPU = Debug|Any CPU
		Release|Any CPU = Release|Any CPU
	EndGlobalSection
	GlobalSection(ProjectConfigurationPlatforms) = postSolution
		{73A25293-74BD-47E2-B587-540A3FE80B33}.Debug|Any CPU.ActiveCfg = Debug|Any CPU
		{73A25293-74BD-47E2-B587-540A3FE80B33}.Debug|Any CPU.Build.0 = Debug|Any CPU
		{73A25293-74BD-47E2-B587-540A3FE80B33}.Debug|Any CPU.Deploy.0 = Debug|Any CPU
		{73A25293-74BD-47E2-B587-540A3FE80B33}.Release|Any CPU.ActiveCfg = Release|Any CPU
		{73A25293-74BD-47E2-B587-540A3FE80B33}.Release|Any CPU.Build.0 = Release|Any CPU
		{73A25293-74BD-47E2-B587-540A3FE80B33}.Release|Any CPU.Deploy.0 = Release|Any CPU
		{6CD58F05-D505-4F96-A6DC-1AC496F9391F}.Debug|Any CPU.ActiveCfg = Debug|Any CPU
		{6CD58F05-D505-4F96-A6DC-1AC496F9391F}.Debug|Any CPU.Build.0 = Debug|Any CPU
		{6CD58F05-D505-4F96-A6DC-1AC496F9391F}.Release|Any CPU.ActiveCfg = Release|Any CPU
		{6CD58F05-D505-4F96-A6DC-1AC496F9391F}.Release|Any CPU.Build.0 = Release|Any CPU
	EndGlobalSection
	GlobalSection(SolutionProperties) = preSolution
		HideSolutionNode = FALSE
	EndGlobalSection
	GlobalSection(ExtensibilityGlobals) = postSolution
		SolutionGuid = {BC7DD0E2-EB9D-40B0-AC74-73EFF03C25E4}
	EndGlobalSection
EndGlobal
